// !$*UTF8*$!
{
	archiveVersion = 1;
	classes = {
	};
	objectVersion = 46;
	objects = {

/* Begin PBXBuildFile section */
		52FE32A71F6327A000FAC2C0 /* AppDelegate.swift in Sources */ = {isa = PBXBuildFile; fileRef = 52FE32A61F6327A000FAC2C0 /* AppDelegate.swift */; };
		52FE32A91F6327A000FAC2C0 /* ViewController.swift in Sources */ = {isa = PBXBuildFile; fileRef = 52FE32A81F6327A000FAC2C0 /* ViewController.swift */; };
		52FE32AC1F6327A000FAC2C0 /* Main.storyboard in Resources */ = {isa = PBXBuildFile; fileRef = 52FE32AA1F6327A000FAC2C0 /* Main.storyboard */; };
		52FE32AE1F6327A000FAC2C0 /* Assets.xcassets in Resources */ = {isa = PBXBuildFile; fileRef = 52FE32AD1F6327A000FAC2C0 /* Assets.xcassets */; };
		52FE32B11F6327A000FAC2C0 /* LaunchScreen.storyboard in Resources */ = {isa = PBXBuildFile; fileRef = 52FE32AF1F6327A000FAC2C0 /* LaunchScreen.storyboard */; };
		52FE32BC1F6327A000FAC2C0 /* Silly_SongTests.swift in Sources */ = {isa = PBXBuildFile; fileRef = 52FE32BB1F6327A000FAC2C0 /* Silly_SongTests.swift */; };
		52FE32C71F6327A000FAC2C0 /* Silly_SongUITests.swift in Sources */ = {isa = PBXBuildFile; fileRef = 52FE32C61F6327A000FAC2C0 /* Silly_SongUITests.swift */; };
/* End PBXBuildFile section */

/* Begin PBXContainerItemProxy section */
		52FE32B81F6327A000FAC2C0 /* PBXContainerItemProxy */ = {
			isa = PBXContainerItemProxy;
			containerPortal = 52FE329B1F6327A000FAC2C0 /* Project object */;
			proxyType = 1;
			remoteGlobalIDString = 52FE32A21F6327A000FAC2C0;
			remoteInfo = "Silly Song";
		};
		52FE32C31F6327A000FAC2C0 /* PBXContainerItemProxy */ = {
			isa = PBXContainerItemProxy;
			containerPortal = 52FE329B1F6327A000FAC2C0 /* Project object */;
			proxyType = 1;
			remoteGlobalIDString = 52FE32A21F6327A000FAC2C0;
			remoteInfo = "Silly Song";
		};
/* End PBXContainerItemProxy section */

/* Begin PBXFileReference section */
		52FE32A31F6327A000FAC2C0 /* Silly Song.app */ = {isa = PBXFileReference; explicitFileType = wrapper.application; includeInIndex = 0; path = "Silly Song.app"; sourceTree = BUILT_PRODUCTS_DIR; };
		52FE32A61F6327A000FAC2C0 /* AppDelegate.swift */ = {isa = PBXFileReference; lastKnownFileType = sourcecode.swift; path = AppDelegate.swift; sourceTree = "<group>"; };
		52FE32A81F6327A000FAC2C0 /* ViewController.swift */ = {isa = PBXFileReference; lastKnownFileType = sourcecode.swift; path = ViewController.swift; sourceTree = "<group>"; };
		52FE32AB1F6327A000FAC2C0 /* Base */ = {isa = PBXFileReference; lastKnownFileType = file.storyboard; name = Base; path = Base.lproj/Main.storyboard; sourceTree = "<group>"; };
		52FE32AD1F6327A000FAC2C0 /* Assets.xcassets */ = {isa = PBXFileReference; lastKnownFileType = folder.assetcatalog; path = Assets.xcassets; sourceTree = "<group>"; };
		52FE32B01F6327A000FAC2C0 /* Base */ = {isa = PBXFileReference; lastKnownFileType = file.storyboard; name = Base; path = Base.lproj/LaunchScreen.storyboard; sourceTree = "<group>"; };
		52FE32B21F6327A000FAC2C0 /* Info.plist */ = {isa = PBXFileReference; lastKnownFileType = text.plist.xml; path = Info.plist; sourceTree = "<group>"; };
		52FE32B71F6327A000FAC2C0 /* Silly SongTests.xctest */ = {isa = PBXFileReference; explicitFileType = wrapper.cfbundle; includeInIndex = 0; path = "Silly SongTests.xctest"; sourceTree = BUILT_PRODUCTS_DIR; };
		52FE32BB1F6327A000FAC2C0 /* Silly_SongTests.swift */ = {isa = PBXFileReference; lastKnownFileType = sourcecode.swift; path = Silly_SongTests.swift; sourceTree = "<group>"; };
		52FE32BD1F6327A000FAC2C0 /* Info.plist */ = {isa = PBXFileReference; lastKnownFileType = text.plist.xml; path = Info.plist; sourceTree = "<group>"; };
		52FE32C21F6327A000FAC2C0 /* Silly SongUITests.xctest */ = {isa = PBXFileReference; explicitFileType = wrapper.cfbundle; includeInIndex = 0; path = "Silly SongUITests.xctest"; sourceTree = BUILT_PRODUCTS_DIR; };
		52FE32C61F6327A000FAC2C0 /* Silly_SongUITests.swift */ = {isa = PBXFileReference; lastKnownFileType = sourcecode.swift; path = Silly_SongUITests.swift; sourceTree = "<group>"; };
		52FE32C81F6327A000FAC2C0 /* Info.plist */ = {isa = PBXFileReference; lastKnownFileType = text.plist.xml; path = Info.plist; sourceTree = "<group>"; };
/* End PBXFileReference section */

/* Begin PBXFrameworksBuildPhase section */
		52FE32A01F6327A000FAC2C0 /* Frameworks */ = {
			isa = PBXFrameworksBuildPhase;
			buildActionMask = 2147483647;
			files = (
			);
			runOnlyForDeploymentPostprocessing = 0;
		};
		52FE32B41F6327A000FAC2C0 /* Frameworks */ = {
			isa = PBXFrameworksBuildPhase;
			buildActionMask = 2147483647;
			files = (
			);
			runOnlyForDeploymentPostprocessing = 0;
		};
		52FE32BF1F6327A000FAC2C0 /* Frameworks */ = {
			isa = PBXFrameworksBuildPhase;
			buildActionMask = 2147483647;
			files = (
			);
			runOnlyForDeploymentPostprocessing = 0;
		};
/* End PBXFrameworksBuildPhase section */

/* Begin PBXGroup section */
		52FE329A1F6327A000FAC2C0 = {
			isa = PBXGroup;
			children = (
				52FE32A51F6327A000FAC2C0 /* Silly Song */,
				52FE32BA1F6327A000FAC2C0 /* Silly SongTests */,
				52FE32C51F6327A000FAC2C0 /* Silly SongUITests */,
				52FE32A41F6327A000FAC2C0 /* Products */,
			);
			sourceTree = "<group>";
		};
		52FE32A41F6327A000FAC2C0 /* Products */ = {
			isa = PBXGroup;
			children = (
				52FE32A31F6327A000FAC2C0 /* Silly Song.app */,
				52FE32B71F6327A000FAC2C0 /* Silly SongTests.xctest */,
				52FE32C21F6327A000FAC2C0 /* Silly SongUITests.xctest */,
			);
			name = Products;
			sourceTree = "<group>";
		};
		52FE32A51F6327A000FAC2C0 /* Silly Song */ = {
			isa = PBXGroup;
			children = (
				52FE32A61F6327A000FAC2C0 /* AppDelegate.swift */,
				52FE32A81F6327A000FAC2C0 /* ViewController.swift */,
				52FE32AA1F6327A000FAC2C0 /* Main.storyboard */,
				52FE32AD1F6327A000FAC2C0 /* Assets.xcassets */,
				52FE32AF1F6327A000FAC2C0 /* LaunchScreen.storyboard */,
				52FE32B21F6327A000FAC2C0 /* Info.plist */,
			);
			path = "Silly Song";
			sourceTree = "<group>";
		};
		52FE32BA1F6327A000FAC2C0 /* Silly SongTests */ = {
			isa = PBXGroup;
			children = (
				52FE32BB1F6327A000FAC2C0 /* Silly_SongTests.swift */,
				52FE32BD1F6327A000FAC2C0 /* Info.plist */,
			);
			path = "Silly SongTests";
			sourceTree = "<group>";
		};
		52FE32C51F6327A000FAC2C0 /* Silly SongUITests */ = {
			isa = PBXGroup;
			children = (
				52FE32C61F6327A000FAC2C0 /* Silly_SongUITests.swift */,
				52FE32C81F6327A000FAC2C0 /* Info.plist */,
			);
			path = "Silly SongUITests";
			sourceTree = "<group>";
		};
/* End PBXGroup section */

/* Begin PBXNativeTarget section */
		52FE32A21F6327A000FAC2C0 /* Silly Song */ = {
			isa = PBXNativeTarget;
			buildConfigurationList = 52FE32CB1F6327A000FAC2C0 /* Build configuration list for PBXNativeTarget "Silly Song" */;
			buildPhases = (
				52FE329F1F6327A000FAC2C0 /* Sources */,
				52FE32A01F6327A000FAC2C0 /* Frameworks */,
				52FE32A11F6327A000FAC2C0 /* Resources */,
			);
			buildRules = (
			);
			dependencies = (
			);
			name = "Silly Song";
			productName = "Silly Song";
			productReference = 52FE32A31F6327A000FAC2C0 /* Silly Song.app */;
			productType = "com.apple.product-type.application";
		};
		52FE32B61F6327A000FAC2C0 /* Silly SongTests */ = {
			isa = PBXNativeTarget;
			buildConfigurationList = 52FE32CE1F6327A000FAC2C0 /* Build configuration list for PBXNativeTarget "Silly SongTests" */;
			buildPhases = (
				52FE32B31F6327A000FAC2C0 /* Sources */,
				52FE32B41F6327A000FAC2C0 /* Frameworks */,
				52FE32B51F6327A000FAC2C0 /* Resources */,
			);
			buildRules = (
			);
			dependencies = (
				52FE32B91F6327A000FAC2C0 /* PBXTargetDependency */,
			);
			name = "Silly SongTests";
			productName = "Silly SongTests";
			productReference = 52FE32B71F6327A000FAC2C0 /* Silly SongTests.xctest */;
			productType = "com.apple.product-type.bundle.unit-test";
		};
		52FE32C11F6327A000FAC2C0 /* Silly SongUITests */ = {
			isa = PBXNativeTarget;
			buildConfigurationList = 52FE32D11F6327A000FAC2C0 /* Build configuration list for PBXNativeTarget "Silly SongUITests" */;
			buildPhases = (
				52FE32BE1F6327A000FAC2C0 /* Sources */,
				52FE32BF1F6327A000FAC2C0 /* Frameworks */,
				52FE32C01F6327A000FAC2C0 /* Resources */,
			);
			buildRules = (
			);
			dependencies = (
				52FE32C41F6327A000FAC2C0 /* PBXTargetDependency */,
			);
			name = "Silly SongUITests";
			productName = "Silly SongUITests";
			productReference = 52FE32C21F6327A000FAC2C0 /* Silly SongUITests.xctest */;
			productType = "com.apple.product-type.bundle.ui-testing";
		};
/* End PBXNativeTarget section */

/* Begin PBXProject section */
		52FE329B1F6327A000FAC2C0 /* Project object */ = {
			isa = PBXProject;
			attributes = {
				LastSwiftUpdateCheck = 0830;
				LastUpgradeCheck = 0830;
				ORGANIZATIONNAME = "Caue Borella";
				TargetAttributes = {
					52FE32A21F6327A000FAC2C0 = {
						CreatedOnToolsVersion = 8.3.3;
						ProvisioningStyle = Automatic;
					};
					52FE32B61F6327A000FAC2C0 = {
						CreatedOnToolsVersion = 8.3.3;
						ProvisioningStyle = Automatic;
						TestTargetID = 52FE32A21F6327A000FAC2C0;
					};
					52FE32C11F6327A000FAC2C0 = {
						CreatedOnToolsVersion = 8.3.3;
						ProvisioningStyle = Automatic;
						TestTargetID = 52FE32A21F6327A000FAC2C0;
					};
				};
			};
			buildConfigurationList = 52FE329E1F6327A000FAC2C0 /* Build configuration list for PBXProject "Silly Song" */;
			compatibilityVersion = "Xcode 3.2";
			developmentRegion = English;
			hasScannedForEncodings = 0;
			knownRegions = (
				en,
				Base,
			);
			mainGroup = 52FE329A1F6327A000FAC2C0;
			productRefGroup = 52FE32A41F6327A000FAC2C0 /* Products */;
			projectDirPath = "";
			projectRoot = "";
			targets = (
				52FE32A21F6327A000FAC2C0 /* Silly Song */,
				52FE32B61F6327A000FAC2C0 /* Silly SongTests */,
				52FE32C11F6327A000FAC2C0 /* Silly SongUITests */,
			);
		};
/* End PBXProject section */

/* Begin PBXResourcesBuildPhase section */
		52FE32A11F6327A000FAC2C0 /* Resources */ = {
			isa = PBXResourcesBuildPhase;
			buildActionMask = 2147483647;
			files = (
				52FE32B11F6327A000FAC2C0 /* LaunchScreen.storyboard in Resources */,
				52FE32AE1F6327A000FAC2C0 /* Assets.xcassets in Resources */,
				52FE32AC1F6327A000FAC2C0 /* Main.storyboard in Resources */,
			);
			runOnlyForDeploymentPostprocessing = 0;
		};
		52FE32B51F6327A000FAC2C0 /* Resources */ = {
			isa = PBXResourcesBuildPhase;
			buildActionMask = 2147483647;
			files = (
			);
			runOnlyForDeploymentPostprocessing = 0;
		};
		52FE32C01F6327A000FAC2C0 /* Resources */ = {
			isa = PBXResourcesBuildPhase;
			buildActionMask = 2147483647;
			files = (
			);
			runOnlyForDeploymentPostprocessing = 0;
		};
/* End PBXResourcesBuildPhase section */

/* Begin PBXSourcesBuildPhase section */
		52FE329F1F6327A000FAC2C0 /* Sources */ = {
			isa = PBXSourcesBuildPhase;
			buildActionMask = 2147483647;
			files = (
				52FE32A91F6327A000FAC2C0 /* ViewController.swift in Sources */,
				52FE32A71F6327A000FAC2C0 /* AppDelegate.swift in Sources */,
			);
			runOnlyForDeploymentPostprocessing = 0;
		};
		52FE32B31F6327A000FAC2C0 /* Sources */ = {
			isa = PBXSourcesBuildPhase;
			buildActionMask = 2147483647;
			files = (
				52FE32BC1F6327A000FAC2C0 /* Silly_SongTests.swift in Sources */,
			);
			runOnlyForDeploymentPostprocessing = 0;
		};
		52FE32BE1F6327A000FAC2C0 /* Sources */ = {
			isa = PBXSourcesBuildPhase;
			buildActionMask = 2147483647;
			files = (
				52FE32C71F6327A000FAC2C0 /* Silly_SongUITests.swift in Sources */,
			);
			runOnlyForDeploymentPostprocessing = 0;
		};
/* End PBXSourcesBuildPhase section */

/* Begin PBXTargetDependency section */
		52FE32B91F6327A000FAC2C0 /* PBXTargetDependency */ = {
			isa = PBXTargetDependency;
			target = 52FE32A21F6327A000FAC2C0 /* Silly Song */;
			targetProxy = 52FE32B81F6327A000FAC2C0 /* PBXContainerItemProxy */;
		};
		52FE32C41F6327A000FAC2C0 /* PBXTargetDependency */ = {
			isa = PBXTargetDependency;
			target = 52FE32A21F6327A000FAC2C0 /* Silly Song */;
			targetProxy = 52FE32C31F6327A000FAC2C0 /* PBXContainerItemProxy */;
		};
/* End PBXTargetDependency section */

/* Begin PBXVariantGroup section */
		52FE32AA1F6327A000FAC2C0 /* Main.storyboard */ = {
			isa = PBXVariantGroup;
			children = (
				52FE32AB1F6327A000FAC2C0 /* Base */,
			);
			name = Main.storyboard;
			sourceTree = "<group>";
		};
		52FE32AF1F6327A000FAC2C0 /* LaunchScreen.storyboard */ = {
			isa = PBXVariantGroup;
			children = (
				52FE32B01F6327A000FAC2C0 /* Base */,
			);
			name = LaunchScreen.storyboard;
			sourceTree = "<group>";
		};
/* End PBXVariantGroup section */

/* Begin XCBuildConfiguration section */
		52FE32C91F6327A000FAC2C0 /* Debug */ = {
			isa = XCBuildConfiguration;
			buildSettings = {
				ALWAYS_SEARCH_USER_PATHS = NO;
				CLANG_ANALYZER_NONNULL = YES;
				CLANG_ANALYZER_NUMBER_OBJECT_CONVERSION = YES_AGGRESSIVE;
				CLANG_CXX_LANGUAGE_STANDARD = "gnu++0x";
				CLANG_CXX_LIBRARY = "libc++";
				CLANG_ENABLE_MODULES = YES;
				CLANG_ENABLE_OBJC_ARC = YES;
				CLANG_WARN_BOOL_CONVERSION = YES;
				CLANG_WARN_CONSTANT_CONVERSION = YES;
				CLANG_WARN_DIRECT_OBJC_ISA_USAGE = YES_ERROR;
				CLANG_WARN_DOCUMENTATION_COMMENTS = YES;
				CLANG_WARN_EMPTY_BODY = YES;
				CLANG_WARN_ENUM_CONVERSION = YES;
				CLANG_WARN_INFINITE_RECURSION = YES;
				CLANG_WARN_INT_CONVERSION = YES;
				CLANG_WARN_OBJC_ROOT_CLASS = YES_ERROR;
				CLANG_WARN_SUSPICIOUS_MOVE = YES;
				CLANG_WARN_UNREACHABLE_CODE = YES;
				CLANG_WARN__DUPLICATE_METHOD_MATCH = YES;
				"CODE_SIGN_IDENTITY[sdk=iphoneos*]" = "iPhone Developer";
				COPY_PHASE_STRIP = NO;
				DEBUG_INFORMATION_FORMAT = dwarf;
				ENABLE_STRICT_OBJC_MSGSEND = YES;
				ENABLE_TESTABILITY = YES;
				GCC_C_LANGUAGE_STANDARD = gnu99;
				GCC_DYNAMIC_NO_PIC = NO;
				GCC_NO_COMMON_BLOCKS = YES;
				GCC_OPTIMIZATION_LEVEL = 0;
				GCC_PREPROCESSOR_DEFINITIONS = (
					"DEBUG=1",
					"$(inherited)",
				);
				GCC_WARN_64_TO_32_BIT_CONVERSION = YES;
				GCC_WARN_ABOUT_RETURN_TYPE = YES_ERROR;
				GCC_WARN_UNDECLARED_SELECTOR = YES;
				GCC_WARN_UNINITIALIZED_AUTOS = YES_AGGRESSIVE;
				GCC_WARN_UNUSED_FUNCTION = YES;
				GCC_WARN_UNUSED_VARIABLE = YES;
				IPHONEOS_DEPLOYMENT_TARGET = 10.3;
				MTL_ENABLE_DEBUG_INFO = YES;
				ONLY_ACTIVE_ARCH = YES;
				SDKROOT = iphoneos;
				SWIFT_ACTIVE_COMPILATION_CONDITIONS = DEBUG;
				SWIFT_OPTIMIZATION_LEVEL = "-Onone";
				TARGETED_DEVICE_FAMILY = "1,2";
			};
			name = Debug;
		};
		52FE32CA1F6327A000FAC2C0 /* Release */ = {
			isa = XCBuildConfiguration;
			buildSettings = {
				ALWAYS_SEARCH_USER_PATHS = NO;
				CLANG_ANALYZER_NONNULL = YES;
				CLANG_ANALYZER_NUMBER_OBJECT_CONVERSION = YES_AGGRESSIVE;
				CLANG_CXX_LANGUAGE_STANDARD = "gnu++0x";
				CLANG_CXX_LIBRARY = "libc++";
				CLANG_ENABLE_MODULES = YES;
				CLANG_ENABLE_OBJC_ARC = YES;
				CLANG_WARN_BOOL_CONVERSION = YES;
				CLANG_WARN_CONSTANT_CONVERSION = YES;
				CLANG_WARN_DIRECT_OBJC_ISA_USAGE = YES_ERROR;
				CLANG_WARN_DOCUMENTATION_COMMENTS = YES;
				CLANG_WARN_EMPTY_BODY = YES;
				CLANG_WARN_ENUM_CONVERSION = YES;
				CLANG_WARN_INFINITE_RECURSION = YES;
				CLANG_WARN_INT_CONVERSION = YES;
				CLANG_WARN_OBJC_ROOT_CLASS = YES_ERROR;
				CLANG_WARN_SUSPICIOUS_MOVE = YES;
				CLANG_WARN_UNREACHABLE_CODE = YES;
				CLANG_WARN__DUPLICATE_METHOD_MATCH = YES;
				"CODE_SIGN_IDENTITY[sdk=iphoneos*]" = "iPhone Developer";
				COPY_PHASE_STRIP = NO;
				DEBUG_INFORMATION_FORMAT = "dwarf-with-dsym";
				ENABLE_NS_ASSERTIONS = NO;
				ENABLE_STRICT_OBJC_MSGSEND = YES;
				GCC_C_LANGUAGE_STANDARD = gnu99;
				GCC_NO_COMMON_BLOCKS = YES;
				GCC_WARN_64_TO_32_BIT_CONVERSION = YES;
				GCC_WARN_ABOUT_RETURN_TYPE = YES_ERROR;
				GCC_WARN_UNDECLARED_SELECTOR = YES;
				GCC_WARN_UNINITIALIZED_AUTOS = YES_AGGRESSIVE;
				GCC_WARN_UNUSED_FUNCTION = YES;
				GCC_WARN_UNUSED_VARIABLE = YES;
				IPHONEOS_DEPLOYMENT_TARGET = 10.3;
				MTL_ENABLE_DEBUG_INFO = NO;
				SDKROOT = iphoneos;
				SWIFT_OPTIMIZATION_LEVEL = "-Owholemodule";
				TARGETED_DEVICE_FAMILY = "1,2";
				VALIDATE_PRODUCT = YES;
			};
			name = Release;
		};
		52FE32CC1F6327A000FAC2C0 /* Debug */ = {
			isa = XCBuildConfiguration;
			buildSettings = {
				ASSETCATALOG_COMPILER_APPICON_NAME = AppIcon;
				INFOPLIST_FILE = "Silly Song/Info.plist";
				LD_RUNPATH_SEARCH_PATHS = "$(inherited) @executable_path/Frameworks";
				PRODUCT_BUNDLE_IDENTIFIER = "com.caueborella.Silly-Song";
				PRODUCT_NAME = "$(TARGET_NAME)";
				SWIFT_VERSION = 3.0;
			};
			name = Debug;
		};
		52FE32CD1F6327A000FAC2C0 /* Release */ = {
			isa = XCBuildConfiguration;
			buildSettings = {
				ASSETCATALOG_COMPILER_APPICON_NAME = AppIcon;
				INFOPLIST_FILE = "Silly Song/Info.plist";
				LD_RUNPATH_SEARCH_PATHS = "$(inherited) @executable_path/Frameworks";
				PRODUCT_BUNDLE_IDENTIFIER = "com.caueborella.Silly-Song";
				PRODUCT_NAME = "$(TARGET_NAME)";
				SWIFT_VERSION = 3.0;
			};
			name = Release;
		};
		52FE32CF1F6327A000FAC2C0 /* Debug */ = {
			isa = XCBuildConfiguration;
			buildSettings = {
				ALWAYS_EMBED_SWIFT_STANDARD_LIBRARIES = YES;
				BUNDLE_LOADER = "$(TEST_HOST)";
				INFOPLIST_FILE = "Silly SongTests/Info.plist";
				LD_RUNPATH_SEARCH_PATHS = "$(inherited) @executable_path/Frameworks @loader_path/Frameworks";
				PRODUCT_BUNDLE_IDENTIFIER = "com.caueborella.Silly-SongTests";
				PRODUCT_NAME = "$(TARGET_NAME)";
				SWIFT_VERSION = 3.0;
				TEST_HOST = "$(BUILT_PRODUCTS_DIR)/Silly Song.app/Silly Song";
			};
			name = Debug;
		};
		52FE32D01F6327A000FAC2C0 /* Release */ = {
			isa = XCBuildConfiguration;
			buildSettings = {
				ALWAYS_EMBED_SWIFT_STANDARD_LIBRARIES = YES;
				BUNDLE_LOADER = "$(TEST_HOST)";
				INFOPLIST_FILE = "Silly SongTests/Info.plist";
				LD_RUNPATH_SEARCH_PATHS = "$(inherited) @executable_path/Frameworks @loader_path/Frameworks";
				PRODUCT_BUNDLE_IDENTIFIER = "com.caueborella.Silly-SongTests";
				PRODUCT_NAME = "$(TARGET_NAME)";
				SWIFT_VERSION = 3.0;
				TEST_HOST = "$(BUILT_PRODUCTS_DIR)/Silly Song.app/Silly Song";
			};
			name = Release;
		};
		52FE32D21F6327A000FAC2C0 /* Debug */ = {
			isa = XCBuildConfiguration;
			buildSettings = {
				ALWAYS_EMBED_SWIFT_STANDARD_LIBRARIES = YES;
				INFOPLIST_FILE = "Silly SongUITests/Info.plist";
				LD_RUNPATH_SEARCH_PATHS = "$(inherited) @executable_path/Frameworks @loader_path/Frameworks";
				PRODUCT_BUNDLE_IDENTIFIER = "com.caueborella.Silly-SongUITests";
				PRODUCT_NAME = "$(TARGET_NAME)";
				SWIFT_VERSION = 3.0;
				TEST_TARGET_NAME = "Silly Song";
			};
			name = Debug;
		};
		52FE32D31F6327A000FAC2C0 /* Release */ = {
			isa = XCBuildConfiguration;
			buildSettings = {
				ALWAYS_EMBED_SWIFT_STANDARD_LIBRARIES = YES;
				INFOPLIST_FILE = "Silly SongUITests/Info.plist";
				LD_RUNPATH_SEARCH_PATHS = "$(inherited) @executable_path/Frameworks @loader_path/Frameworks";
				PRODUCT_BUNDLE_IDENTIFIER = "com.caueborella.Silly-SongUITests";
				PRODUCT_NAME = "$(TARGET_NAME)";
				SWIFT_VERSION = 3.0;
				TEST_TARGET_NAME = "Silly Song";
			};
			name = Release;
		};
/* End XCBuildConfiguration section */

/* Begin XCConfigurationList section */
		52FE329E1F6327A000FAC2C0 /* Build configuration list for PBXProject "Silly Song" */ = {
			isa = XCConfigurationList;
			buildConfigurations = (
				52FE32C91F6327A000FAC2C0 /* Debug */,
				52FE32CA1F6327A000FAC2C0 /* Release */,
			);
			defaultConfigurationIsVisible = 0;
			defaultConfigurationName = Release;
		};
		52FE32CB1F6327A000FAC2C0 /* Build configuration list for PBXNativeTarget "Silly Song" */ = {
			isa = XCConfigurationList;
			buildConfigurations = (
				52FE32CC1F6327A000FAC2C0 /* Debug */,
				52FE32CD1F6327A000FAC2C0 /* Release */,
			);
			defaultConfigurationIsVisible = 0;
		};
		52FE32CE1F6327A000FAC2C0 /* Build configuration list for PBXNativeTarget "Silly SongTests" */ = {
			isa = XCConfigurationList;
			buildConfigurations = (
				52FE32CF1F6327A000FAC2C0 /* Debug */,
				52FE32D01F6327A000FAC2C0 /* Release */,
			);
			defaultConfigurationIsVisible = 0;
		};
		52FE32D11F6327A000FAC2C0 /* Build configuration list for PBXNativeTarget "Silly SongUITests" */ = {
			isa = XCConfigurationList;
			buildConfigurations = (
				52FE32D21F6327A000FAC2C0 /* Debug */,
				52FE32D31F6327A000FAC2C0 /* Release */,
			);
			defaultConfigurationIsVisible = 0;
		};
/* End XCConfigurationList section */
	};
	rootObject = 52FE329B1F6327A000FAC2C0 /* Project object */;
}
